{
  "lockfile-version": 1,
  "manifest": {
    "version": 1,
    "install": {
      "bundler": {
        "pkg-path": "bundler"
      },
      "gcc": {
        "pkg-path": "gcc"
      },
      "github-pages": {
        "pkg-path": "rubyPackages.github-pages"
      },
      "make": {
        "pkg-path": "gnumake"
      },
      "pkg-config": {
        "pkg-path": "pkg-config"
      }
    },
    "vars": {
      "BUNDLE_BUILD__JSON": "--with-cflags=-Wno-error=implicit-function-declaration",
      "BUNDLE_GEMFILE": "$FLOX_ENV_PROJECT/Gemfile",
      "BUNDLE_PATH": "vendor/bundle",
      "MAKE": "make -j4"
    },
    "hook": {
      "on-activate": "  # Install Gemfile dependencies if Gemfile exists\n  if [ -f \"$FLOX_ENV_PROJECT/Gemfile\" ]; then\n    echo \"Installing Gemfile dependencies...\"\n    cd \"$FLOX_ENV_PROJECT\"\n\n    # Configure bundle for better native extension support\n    bundle config set --local path 'vendor/bundle'\n    bundle config set --local jobs 4\n    bundle config set --local retry 3\n\n    # Clean any previous failed installations\n    if [ -d \"vendor/bundle\" ]; then\n      echo \"Cleaning previous bundle installation...\"\n      rm -rf vendor/bundle\n    fi\n\n    # Install with verbose output for debugging\n    echo \"Installing gems (this may take a while for native extensions)...\"\n    if bundle install --verbose; then\n      echo \"✅ Gemfile dependencies installed successfully!\"\n    else\n      echo \"❌ Bundle install failed. Try running 'bundle install --verbose' manually for more details.\"\n    fi\n  fi\n"
    },
    "profile": {
      "common": "  echo \"🚀 Jekyll environment activated!\"\n  echo \"📦 Gemfile dependencies will be installed automatically\"\n  echo \"💎 Run 'bundle exec jekyll serve' to start the development server\"\n"
    },
    "options": {}
  },
  "packages": [
    {
      "attr_path": "bundler",
      "broken": false,
      "derivation": "/nix/store/bzlhncgzdikfc59vnxyz8g2amxcny1ml-bundler-2.7.1.drv",
      "description": "Manage your Ruby application's gem dependencies",
      "install_id": "bundler",
      "license": "MIT",
      "locked_url": "https://github.com/flox/nixpkgs?rev=c23193b943c6c689d70ee98ce3128239ed9e32d1",
      "name": "bundler-2.7.1",
      "pname": "bundler",
      "rev": "c23193b943c6c689d70ee98ce3128239ed9e32d1",
      "rev_count": 861038,
      "rev_date": "2025-09-13T06:43:22Z",
      "scrape_date": "2025-09-15T02:00:42.283358Z",
      "stabilities": [
        "unstable"
      ],
      "unfree": false,
      "version": "2.7.1",
      "outputs_to_install": [
        "out"
      ],
      "outputs": {
        "out": "/nix/store/vml04alk2sra0aix4b3p5pzskx300zpv-bundler-2.7.1"
      },
      "system": "aarch64-darwin",
      "group": "toplevel",
      "priority": 5
    },
    {
      "attr_path": "bundler",
      "broken": false,
      "derivation": "/nix/store/a527116rilzhjqppripl1cb15cjrysqi-bundler-2.7.1.drv",
      "description": "Manage your Ruby application's gem dependencies",
      "install_id": "bundler",
      "license": "MIT",
      "locked_url": "https://github.com/flox/nixpkgs?rev=c23193b943c6c689d70ee98ce3128239ed9e32d1",
      "name": "bundler-2.7.1",
      "pname": "bundler",
      "rev": "c23193b943c6c689d70ee98ce3128239ed9e32d1",
      "rev_count": 861038,
      "rev_date": "2025-09-13T06:43:22Z",
      "scrape_date": "2025-09-15T02:29:40.172254Z",
      "stabilities": [
        "unstable"
      ],
      "unfree": false,
      "version": "2.7.1",
      "outputs_to_install": [
        "out"
      ],
      "outputs": {
        "out": "/nix/store/zymy0yphzivcd3dyj3mskp2d1pscb547-bundler-2.7.1"
      },
      "system": "aarch64-linux",
      "group": "toplevel",
      "priority": 5
    },
    {
      "attr_path": "bundler",
      "broken": false,
      "derivation": "/nix/store/lggshjq2j88lsrmavvwxw89x4xkr6pa1-bundler-2.7.1.drv",
      "description": "Manage your Ruby application's gem dependencies",
      "install_id": "bundler",
      "license": "MIT",
      "locked_url": "https://github.com/flox/nixpkgs?rev=c23193b943c6c689d70ee98ce3128239ed9e32d1",
      "name": "bundler-2.7.1",
      "pname": "bundler",
      "rev": "c23193b943c6c689d70ee98ce3128239ed9e32d1",
      "rev_count": 861038,
      "rev_date": "2025-09-13T06:43:22Z",
      "scrape_date": "2025-09-15T02:56:35.678444Z",
      "stabilities": [
        "unstable"
      ],
      "unfree": false,
      "version": "2.7.1",
      "outputs_to_install": [
        "out"
      ],
      "outputs": {
        "out": "/nix/store/1hzm7kvp4kkgg8nzdp19vcb0d7hzgfcy-bundler-2.7.1"
      },
      "system": "x86_64-darwin",
      "group": "toplevel",
      "priority": 5
    },
    {
      "attr_path": "bundler",
      "broken": false,
      "derivation": "/nix/store/q583pwbnikxm9x4aqgbsim7mn6djjpq9-bundler-2.7.1.drv",
      "description": "Manage your Ruby application's gem dependencies",
      "install_id": "bundler",
      "license": "MIT",
      "locked_url": "https://github.com/flox/nixpkgs?rev=c23193b943c6c689d70ee98ce3128239ed9e32d1",
      "name": "bundler-2.7.1",
      "pname": "bundler",
      "rev": "c23193b943c6c689d70ee98ce3128239ed9e32d1",
      "rev_count": 861038,
      "rev_date": "2025-09-13T06:43:22Z",
      "scrape_date": "2025-09-15T03:26:56.263489Z",
      "stabilities": [
        "unstable"
      ],
      "unfree": false,
      "version": "2.7.1",
      "outputs_to_install": [
        "out"
      ],
      "outputs": {
        "out": "/nix/store/p9vgmbz70vclpcrx8rl3qdfzhp3p0lfc-bundler-2.7.1"
      },
      "system": "x86_64-linux",
      "group": "toplevel",
      "priority": 5
    },
    {
      "attr_path": "gcc",
      "broken": false,
      "derivation": "/nix/store/kl84cl4z8341kz565ffbqm0znh9vfg1s-gcc-wrapper-14.3.0.drv",
      "description": "GNU Compiler Collection, version 14.3.0 (wrapper script)",
      "install_id": "gcc",
      "license": "GPL-3.0-or-later",
      "locked_url": "https://github.com/flox/nixpkgs?rev=c23193b943c6c689d70ee98ce3128239ed9e32d1",
      "name": "gcc-wrapper-14.3.0",
      "pname": "gcc",
      "rev": "c23193b943c6c689d70ee98ce3128239ed9e32d1",
      "rev_count": 861038,
      "rev_date": "2025-09-13T06:43:22Z",
      "scrape_date": "2025-09-15T02:00:43.171532Z",
      "stabilities": [
        "unstable"
      ],
      "unfree": false,
      "version": "14.3.0",
      "outputs_to_install": [
        "man",
        "out"
      ],
      "outputs": {
        "info": "/nix/store/9y6c6nr6ja7vq4lal10f2mmkql2swjjs-gcc-wrapper-14.3.0-info",
        "man": "/nix/store/jm47vmrkhg9nbriwixsmnzg3gg30g7ig-gcc-wrapper-14.3.0-man",
        "out": "/nix/store/8dq4c0hghzqfqbvdh3zx34m8a7c7kzpv-gcc-wrapper-14.3.0"
      },
      "system": "aarch64-darwin",
      "group": "toplevel",
      "priority": 5
    },
    {
      "attr_path": "gcc",
      "broken": false,
      "derivation": "/nix/store/xgd6sn2nbpk6p8hfkwfnaggapfa486id-gcc-wrapper-14.3.0.drv",
      "description": "GNU Compiler Collection, version 14.3.0 (wrapper script)",
      "install_id": "gcc",
      "license": "GPL-3.0-or-later",
      "locked_url": "https://github.com/flox/nixpkgs?rev=c23193b943c6c689d70ee98ce3128239ed9e32d1",
      "name": "gcc-wrapper-14.3.0",
      "pname": "gcc",
      "rev": "c23193b943c6c689d70ee98ce3128239ed9e32d1",
      "rev_count": 861038,
      "rev_date": "2025-09-13T06:43:22Z",
      "scrape_date": "2025-09-15T02:29:41.456152Z",
      "stabilities": [
        "unstable"
      ],
      "unfree": false,
      "version": "14.3.0",
      "outputs_to_install": [
        "man",
        "out"
      ],
      "outputs": {
        "info": "/nix/store/x2q2m245k44wxcskdknl5xdqrsya7fcy-gcc-wrapper-14.3.0-info",
        "man": "/nix/store/f5k9bkq97gqc4ajmbavv3wxdwcqmng64-gcc-wrapper-14.3.0-man",
        "out": "/nix/store/hf8w753nxqwkc5y5kjx33fx8fxw2dczp-gcc-wrapper-14.3.0"
      },
      "system": "aarch64-linux",
      "group": "toplevel",
      "priority": 5
    },
    {
      "attr_path": "gcc",
      "broken": false,
      "derivation": "/nix/store/v6jqsamh3qyyn7ixm5ihdqjlhibg0hfd-gcc-wrapper-14.3.0.drv",
      "description": "GNU Compiler Collection, version 14.3.0 (wrapper script)",
      "install_id": "gcc",
      "license": "GPL-3.0-or-later",
      "locked_url": "https://github.com/flox/nixpkgs?rev=c23193b943c6c689d70ee98ce3128239ed9e32d1",
      "name": "gcc-wrapper-14.3.0",
      "pname": "gcc",
      "rev": "c23193b943c6c689d70ee98ce3128239ed9e32d1",
      "rev_count": 861038,
      "rev_date": "2025-09-13T06:43:22Z",
      "scrape_date": "2025-09-15T02:56:36.560936Z",
      "stabilities": [
        "unstable"
      ],
      "unfree": false,
      "version": "14.3.0",
      "outputs_to_install": [
        "man",
        "out"
      ],
      "outputs": {
        "info": "/nix/store/phk4r12ylcy8i9j4fy4ijp1938bbk48w-gcc-wrapper-14.3.0-info",
        "man": "/nix/store/jxc1hlmsw3pxc12z8hdznriv5d7hjqcb-gcc-wrapper-14.3.0-man",
        "out": "/nix/store/kci6l8xmpmzyzi6k89c91580k4hdnp1d-gcc-wrapper-14.3.0"
      },
      "system": "x86_64-darwin",
      "group": "toplevel",
      "priority": 5
    },
    {
      "attr_path": "gcc",
      "broken": false,
      "derivation": "/nix/store/i9kj1nhzkg91xsq8ny4z4hipl0b42kad-gcc-wrapper-14.3.0.drv",
      "description": "GNU Compiler Collection, version 14.3.0 (wrapper script)",
      "install_id": "gcc",
      "license": "GPL-3.0-or-later",
      "locked_url": "https://github.com/flox/nixpkgs?rev=c23193b943c6c689d70ee98ce3128239ed9e32d1",
      "name": "gcc-wrapper-14.3.0",
      "pname": "gcc",
      "rev": "c23193b943c6c689d70ee98ce3128239ed9e32d1",
      "rev_count": 861038,
      "rev_date": "2025-09-13T06:43:22Z",
      "scrape_date": "2025-09-15T03:26:57.657160Z",
      "stabilities": [
        "unstable"
      ],
      "unfree": false,
      "version": "14.3.0",
      "outputs_to_install": [
        "man",
        "out"
      ],
      "outputs": {
        "info": "/nix/store/12sy2qyk3qir1rg4jdrdnj91jaw50my2-gcc-wrapper-14.3.0-info",
        "man": "/nix/store/ds5j2vvwhdvfgkjp7jnfx82bqswks46x-gcc-wrapper-14.3.0-man",
        "out": "/nix/store/95k9rsn1zsw1yvir8mj824ldhf90i4qw-gcc-wrapper-14.3.0"
      },
      "system": "x86_64-linux",
      "group": "toplevel",
      "priority": 5
    },
    {
      "attr_path": "rubyPackages.github-pages",
      "broken": false,
      "derivation": "/nix/store/ghw8mawp0k566kfcd9hqnhmvw2k1248x-ruby3.3-github-pages-232.drv",
      "install_id": "github-pages",
      "locked_url": "https://github.com/flox/nixpkgs?rev=c23193b943c6c689d70ee98ce3128239ed9e32d1",
      "name": "ruby3.3-github-pages-232",
      "pname": "github-pages",
      "rev": "c23193b943c6c689d70ee98ce3128239ed9e32d1",
      "rev_count": 861038,
      "rev_date": "2025-09-13T06:43:22Z",
      "scrape_date": "2025-09-15T02:02:07.692753Z",
      "stabilities": [
        "unstable"
      ],
      "unfree": false,
      "version": "232",
      "outputs_to_install": [
        "out"
      ],
      "outputs": {
        "out": "/nix/store/y97dhacrb7yy4qmfbp066qx23vi6j4cj-ruby3.3-github-pages-232"
      },
      "system": "aarch64-darwin",
      "group": "toplevel",
      "priority": 5
    },
    {
      "attr_path": "rubyPackages.github-pages",
      "broken": false,
      "derivation": "/nix/store/q8bkqqy67mp6h15hwls3w0csh6c67k3d-ruby3.3-github-pages-232.drv",
      "install_id": "github-pages",
      "locked_url": "https://github.com/flox/nixpkgs?rev=c23193b943c6c689d70ee98ce3128239ed9e32d1",
      "name": "ruby3.3-github-pages-232",
      "pname": "github-pages",
      "rev": "c23193b943c6c689d70ee98ce3128239ed9e32d1",
      "rev_count": 861038,
      "rev_date": "2025-09-13T06:43:22Z",
      "scrape_date": "2025-09-15T02:31:37.667848Z",
      "stabilities": [
        "unstable"
      ],
      "unfree": false,
      "version": "232",
      "outputs_to_install": [
        "out"
      ],
      "outputs": {
        "out": "/nix/store/m1cf12qw1cdpsgxg42vpl19kddnq26cq-ruby3.3-github-pages-232"
      },
      "system": "aarch64-linux",
      "group": "toplevel",
      "priority": 5
    },
    {
      "attr_path": "rubyPackages.github-pages",
      "broken": false,
      "derivation": "/nix/store/dli0xcbhh68bsyljb2lyx4zxr6v689qq-ruby3.3-github-pages-232.drv",
      "install_id": "github-pages",
      "locked_url": "https://github.com/flox/nixpkgs?rev=c23193b943c6c689d70ee98ce3128239ed9e32d1",
      "name": "ruby3.3-github-pages-232",
      "pname": "github-pages",
      "rev": "c23193b943c6c689d70ee98ce3128239ed9e32d1",
      "rev_count": 861038,
      "rev_date": "2025-09-13T06:43:22Z",
      "scrape_date": "2025-09-15T02:57:59.049302Z",
      "stabilities": [
        "unstable"
      ],
      "unfree": false,
      "version": "232",
      "outputs_to_install": [
        "out"
      ],
      "outputs": {
        "out": "/nix/store/k1609hq9fqjqz294ffyyv9gvcj8iih4w-ruby3.3-github-pages-232"
      },
      "system": "x86_64-darwin",
      "group": "toplevel",
      "priority": 5
    },
    {
      "attr_path": "rubyPackages.github-pages",
      "broken": false,
      "derivation": "/nix/store/ri9xc0mpcz7x270nfdf2y2lm6mz3wxq6-ruby3.3-github-pages-232.drv",
      "install_id": "github-pages",
      "locked_url": "https://github.com/flox/nixpkgs?rev=c23193b943c6c689d70ee98ce3128239ed9e32d1",
      "name": "ruby3.3-github-pages-232",
      "pname": "github-pages",
      "rev": "c23193b943c6c689d70ee98ce3128239ed9e32d1",
      "rev_count": 861038,
      "rev_date": "2025-09-13T06:43:22Z",
      "scrape_date": "2025-09-15T03:29:00.675487Z",
      "stabilities": [
        "unstable"
      ],
      "unfree": false,
      "version": "232",
      "outputs_to_install": [
        "out"
      ],
      "outputs": {
        "out": "/nix/store/bgmk89wds0pgzxja5ck6qd9i8cbjn2ms-ruby3.3-github-pages-232"
      },
      "system": "x86_64-linux",
      "group": "toplevel",
      "priority": 5
    },
    {
      "attr_path": "gnumake",
      "broken": false,
      "derivation": "/nix/store/pf71f0ja823aanl6073z3slrpz2hpxr1-gnumake-4.4.1.drv",
      "description": "Tool to control the generation of non-source files from sources",
      "install_id": "make",
      "license": "GPL-3.0-or-later",
      "locked_url": "https://github.com/flox/nixpkgs?rev=c23193b943c6c689d70ee98ce3128239ed9e32d1",
      "name": "gnumake-4.4.1",
      "pname": "gnumake",
      "rev": "c23193b943c6c689d70ee98ce3128239ed9e32d1",
      "rev_count": 861038,
      "rev_date": "2025-09-13T06:43:22Z",
      "scrape_date": "2025-09-15T02:00:43.913079Z",
      "stabilities": [
        "unstable"
      ],
      "unfree": false,
      "version": "4.4.1",
      "outputs_to_install": [
        "man",
        "out"
      ],
      "outputs": {
        "info": "/nix/store/cwx5agxi3ig3gmbk4c4dn7df2krzlddy-gnumake-4.4.1-info",
        "man": "/nix/store/a4aay80xgirjm8hk1rd142qcd1kkfps8-gnumake-4.4.1-man",
        "out": "/nix/store/sjxx5p05vzq7xam62h21cyzkbyb1amvd-gnumake-4.4.1"
      },
      "system": "aarch64-darwin",
      "group": "toplevel",
      "priority": 5
    },
    {
      "attr_path": "gnumake",
      "broken": false,
      "derivation": "/nix/store/876aq0p8d0z7sfyjdawn9mrdfnv7n458-gnumake-4.4.1.drv",
      "description": "Tool to control the generation of non-source files from sources",
      "install_id": "make",
      "license": "GPL-3.0-or-later",
      "locked_url": "https://github.com/flox/nixpkgs?rev=c23193b943c6c689d70ee98ce3128239ed9e32d1",
      "name": "gnumake-4.4.1",
      "pname": "gnumake",
      "rev": "c23193b943c6c689d70ee98ce3128239ed9e32d1",
      "rev_count": 861038,
      "rev_date": "2025-09-13T06:43:22Z",
      "scrape_date": "2025-09-15T02:29:42.084357Z",
      "stabilities": [
        "unstable"
      ],
      "unfree": false,
      "version": "4.4.1",
      "outputs_to_install": [
        "man",
        "out"
      ],
      "outputs": {
        "debug": "/nix/store/j8lcp5zjdq0l0ipvji7s13vdc53nzcki-gnumake-4.4.1-debug",
        "info": "/nix/store/8922q241lh4qbxd2g7jxsnjnkfmgap3z-gnumake-4.4.1-info",
        "man": "/nix/store/0a4l47b9sqc28ssi5hsq21ivs2hmbzcp-gnumake-4.4.1-man",
        "out": "/nix/store/9cns3585v908dwbf5nfqqjghv955ndrq-gnumake-4.4.1"
      },
      "system": "aarch64-linux",
      "group": "toplevel",
      "priority": 5
    },
    {
      "attr_path": "gnumake",
      "broken": false,
      "derivation": "/nix/store/xrm5hvv49gd5v31937jmr0vc6m8a1v64-gnumake-4.4.1.drv",
      "description": "Tool to control the generation of non-source files from sources",
      "install_id": "make",
      "license": "GPL-3.0-or-later",
      "locked_url": "https://github.com/flox/nixpkgs?rev=c23193b943c6c689d70ee98ce3128239ed9e32d1",
      "name": "gnumake-4.4.1",
      "pname": "gnumake",
      "rev": "c23193b943c6c689d70ee98ce3128239ed9e32d1",
      "rev_count": 861038,
      "rev_date": "2025-09-13T06:43:22Z",
      "scrape_date": "2025-09-15T02:56:36.778547Z",
      "stabilities": [
        "unstable"
      ],
      "unfree": false,
      "version": "4.4.1",
      "outputs_to_install": [
        "man",
        "out"
      ],
      "outputs": {
        "info": "/nix/store/451pi5y9s89na99pxv6jjvqa44r08dha-gnumake-4.4.1-info",
        "man": "/nix/store/g7nffhgbmv3r01199lhp0qz741kvnlvf-gnumake-4.4.1-man",
        "out": "/nix/store/fy063r4nqi1w79bklqhiv7ny0xwdqjp3-gnumake-4.4.1"
      },
      "system": "x86_64-darwin",
      "group": "toplevel",
      "priority": 5
    },
    {
      "attr_path": "gnumake",
      "broken": false,
      "derivation": "/nix/store/riz7jd6hvqpxzxgyhj76ianh96sxhvz4-gnumake-4.4.1.drv",
      "description": "Tool to control the generation of non-source files from sources",
      "install_id": "make",
      "license": "GPL-3.0-or-later",
      "locked_url": "https://github.com/flox/nixpkgs?rev=c23193b943c6c689d70ee98ce3128239ed9e32d1",
      "name": "gnumake-4.4.1",
      "pname": "gnumake",
      "rev": "c23193b943c6c689d70ee98ce3128239ed9e32d1",
      "rev_count": 861038,
      "rev_date": "2025-09-13T06:43:22Z",
      "scrape_date": "2025-09-15T03:26:58.355391Z",
      "stabilities": [
        "unstable"
      ],
      "unfree": false,
      "version": "4.4.1",
      "outputs_to_install": [
        "man",
        "out"
      ],
      "outputs": {
        "debug": "/nix/store/7vrxj6zy7y4a83d2q9585sxmcnkfs9ml-gnumake-4.4.1-debug",
        "info": "/nix/store/m0ijkc5j3wdawh302pns9b45v9n6nq64-gnumake-4.4.1-info",
        "man": "/nix/store/ha44mgbdcrzgah0dnjd28ax4hrdkc4mm-gnumake-4.4.1-man",
        "out": "/nix/store/ahxj2q2mrl9z2k77ahqsl9j4zxq1wf84-gnumake-4.4.1"
      },
      "system": "x86_64-linux",
      "group": "toplevel",
      "priority": 5
    },
    {
      "attr_path": "pkg-config",
      "broken": false,
      "derivation": "/nix/store/h2yay9716ys49257sz1qac3amcqfbq87-pkg-config-wrapper-0.29.2.drv",
      "description": "Tool that allows packages to find out information about other packages (wrapper script)",
      "install_id": "pkg-config",
      "license": "GPL-2.0-or-later",
      "locked_url": "https://github.com/flox/nixpkgs?rev=c23193b943c6c689d70ee98ce3128239ed9e32d1",
      "name": "pkg-config-wrapper-0.29.2",
      "pname": "pkg-config",
      "rev": "c23193b943c6c689d70ee98ce3128239ed9e32d1",
      "rev_count": 861038,
      "rev_date": "2025-09-13T06:43:22Z",
      "scrape_date": "2025-09-15T02:01:19.585065Z",
      "stabilities": [
        "unstable"
      ],
      "unfree": false,
      "version": "0.29.2",
      "outputs_to_install": [
        "man",
        "out"
      ],
      "outputs": {
        "doc": "/nix/store/q2jppw401lp8jb37qsylzgyiqsarkbc6-pkg-config-wrapper-0.29.2-doc",
        "man": "/nix/store/r6x4gpvw55ymlg0ydja45y51sswd7l02-pkg-config-wrapper-0.29.2-man",
        "out": "/nix/store/yc7mj2h6kh2cm4h61v57c5qmycaq4x2z-pkg-config-wrapper-0.29.2"
      },
      "system": "aarch64-darwin",
      "group": "toplevel",
      "priority": 5
    },
    {
      "attr_path": "pkg-config",
      "broken": false,
      "derivation": "/nix/store/gs0pi2k1py127vz63hx1wg9j3i6x4yl1-pkg-config-wrapper-0.29.2.drv",
      "description": "Tool that allows packages to find out information about other packages (wrapper script)",
      "install_id": "pkg-config",
      "license": "GPL-2.0-or-later",
      "locked_url": "https://github.com/flox/nixpkgs?rev=c23193b943c6c689d70ee98ce3128239ed9e32d1",
      "name": "pkg-config-wrapper-0.29.2",
      "pname": "pkg-config",
      "rev": "c23193b943c6c689d70ee98ce3128239ed9e32d1",
      "rev_count": 861038,
      "rev_date": "2025-09-13T06:43:22Z",
      "scrape_date": "2025-09-15T02:30:37.170340Z",
      "stabilities": [
        "unstable"
      ],
      "unfree": false,
      "version": "0.29.2",
      "outputs_to_install": [
        "man",
        "out"
      ],
      "outputs": {
        "doc": "/nix/store/2yz6sk7bhph65d9yi1vzhr224l1w6c46-pkg-config-wrapper-0.29.2-doc",
        "man": "/nix/store/z3snkc308vvd71rpjzqnw1wmsw3jfwvg-pkg-config-wrapper-0.29.2-man",
        "out": "/nix/store/gbpsba382jc93zzvwkiqkwrgdfvjr2s0-pkg-config-wrapper-0.29.2"
      },
      "system": "aarch64-linux",
      "group": "toplevel",
      "priority": 5
    },
    {
      "attr_path": "pkg-config",
      "broken": false,
      "derivation": "/nix/store/zkzkwr64y4qckyy86v4g1zzanprd1khf-pkg-config-wrapper-0.29.2.drv",
      "description": "Tool that allows packages to find out information about other packages (wrapper script)",
      "install_id": "pkg-config",
      "license": "GPL-2.0-or-later",
      "locked_url": "https://github.com/flox/nixpkgs?rev=c23193b943c6c689d70ee98ce3128239ed9e32d1",
      "name": "pkg-config-wrapper-0.29.2",
      "pname": "pkg-config",
      "rev": "c23193b943c6c689d70ee98ce3128239ed9e32d1",
      "rev_count": 861038,
      "rev_date": "2025-09-13T06:43:22Z",
      "scrape_date": "2025-09-15T02:57:12.182996Z",
      "stabilities": [
        "unstable"
      ],
      "unfree": false,
      "version": "0.29.2",
      "outputs_to_install": [
        "man",
        "out"
      ],
      "outputs": {
        "doc": "/nix/store/6rv8pn0v4rs6sml3j85q27zli4kwx8y0-pkg-config-wrapper-0.29.2-doc",
        "man": "/nix/store/07sqw1xpw1gznq4xaf6z1rzr4a0n80ds-pkg-config-wrapper-0.29.2-man",
        "out": "/nix/store/za7iazvgg64cs4gmshnk540mjf5yxm9f-pkg-config-wrapper-0.29.2"
      },
      "system": "x86_64-darwin",
      "group": "toplevel",
      "priority": 5
    },
    {
      "attr_path": "pkg-config",
      "broken": false,
      "derivation": "/nix/store/lvdvlk7cwad5mna0wfpz8jllb30jdj1n-pkg-config-wrapper-0.29.2.drv",
      "description": "Tool that allows packages to find out information about other packages (wrapper script)",
      "install_id": "pkg-config",
      "license": "GPL-2.0-or-later",
      "locked_url": "https://github.com/flox/nixpkgs?rev=c23193b943c6c689d70ee98ce3128239ed9e32d1",
      "name": "pkg-config-wrapper-0.29.2",
      "pname": "pkg-config",
      "rev": "c23193b943c6c689d70ee98ce3128239ed9e32d1",
      "rev_count": 861038,
      "rev_date": "2025-09-13T06:43:22Z",
      "scrape_date": "2025-09-15T03:27:56.828820Z",
      "stabilities": [
        "unstable"
      ],
      "unfree": false,
      "version": "0.29.2",
      "outputs_to_install": [
        "man",
        "out"
      ],
      "outputs": {
        "doc": "/nix/store/68zbqzd61ciynfa9jx3gm9ncfy4z22sa-pkg-config-wrapper-0.29.2-doc",
        "man": "/nix/store/4acmnq9dq7zd6rbpi3wigrkflxjcnr1c-pkg-config-wrapper-0.29.2-man",
        "out": "/nix/store/05h9vfzhqf7l6w1xczixici2ldw9y788-pkg-config-wrapper-0.29.2"
      },
      "system": "x86_64-linux",
      "group": "toplevel",
      "priority": 5
    }
  ]
}